// !$*UTF8*$!
{
	archiveVersion = 1;
	classes = {
	};
	objectVersion = 46;
	objects = {

/* Begin PBXAggregateTarget section */
		96C76BF81A9DDB1A00A95A3F /* json_h */ = {
			isa = PBXAggregateTarget;
			buildConfigurationList = 96C76BF91A9DDB1A00A95A3F /* Build configuration list for PBXAggregateTarget "json_h" */;
			buildPhases = (
				96C76BFC1A9DDB2500A95A3F /* ShellScript */,
			);
			dependencies = (
			);
			name = json_h;
			productName = json_h;
		};
/* End PBXAggregateTarget section */

/* Begin PBXBuildFile section */
		96C76BF71A9D646F00A95A3F /* unit.cpp in Sources */ = {isa = PBXBuildFile; fileRef = 96C76BEA1A9D641D00A95A3F /* unit.cpp */; };
/* End PBXBuildFile section */

/* Begin PBXContainerItemProxy section */
		96C76BFF1A9F35CF00A95A3F /* PBXContainerItemProxy */ = {
			isa = PBXContainerItemProxy;
			containerPortal = 96C76BDA1A9D63E900A95A3F /* Project object */;
			proxyType = 1;
			remoteGlobalIDString = 96C76BF81A9DDB1A00A95A3F;
			remoteInfo = json_h;
		};
/* End PBXContainerItemProxy section */

/* Begin PBXCopyFilesBuildPhase section */
		96C76BED1A9D645400A95A3F /* CopyFiles */ = {
			isa = PBXCopyFilesBuildPhase;
			buildActionMask = 2147483647;
			dstPath = /usr/share/man/man1/;
			dstSubfolderSpec = 0;
			files = (
			);
			runOnlyForDeploymentPostprocessing = 1;
		};
/* End PBXCopyFilesBuildPhase section */

/* Begin PBXFileReference section */
		9682D6391B000A8A0069D2E7 /* roundtrip01.json */ = {isa = PBXFileReference; lastKnownFileType = text.json; path = roundtrip01.json; sourceTree = "<group>"; };
		9682D63A1B000A8A0069D2E7 /* roundtrip02.json */ = {isa = PBXFileReference; lastKnownFileType = text.json; path = roundtrip02.json; sourceTree = "<group>"; };
		9682D63B1B000A8A0069D2E7 /* roundtrip03.json */ = {isa = PBXFileReference; lastKnownFileType = text.json; path = roundtrip03.json; sourceTree = "<group>"; };
		9682D63C1B000A8A0069D2E7 /* roundtrip04.json */ = {isa = PBXFileReference; lastKnownFileType = text.json; path = roundtrip04.json; sourceTree = "<group>"; };
		9682D63D1B000A8A0069D2E7 /* roundtrip05.json */ = {isa = PBXFileReference; lastKnownFileType = text.json; path = roundtrip05.json; sourceTree = "<group>"; };
		9682D63E1B000A8A0069D2E7 /* roundtrip06.json */ = {isa = PBXFileReference; lastKnownFileType = text.json; path = roundtrip06.json; sourceTree = "<group>"; };
		9682D63F1B000A8A0069D2E7 /* roundtrip07.json */ = {isa = PBXFileReference; lastKnownFileType = text.json; path = roundtrip07.json; sourceTree = "<group>"; };
		9682D6401B000A8A0069D2E7 /* roundtrip08.json */ = {isa = PBXFileReference; lastKnownFileType = text.json; path = roundtrip08.json; sourceTree = "<group>"; };
		9682D6411B000A8A0069D2E7 /* roundtrip09.json */ = {isa = PBXFileReference; lastKnownFileType = text.json; path = roundtrip09.json; sourceTree = "<group>"; };
		9682D6421B000A8A0069D2E7 /* roundtrip10.json */ = {isa = PBXFileReference; lastKnownFileType = text.json; path = roundtrip10.json; sourceTree = "<group>"; };
		9682D6431B000A8A0069D2E7 /* roundtrip11.json */ = {isa = PBXFileReference; lastKnownFileType = text.json; path = roundtrip11.json; sourceTree = "<group>"; };
		9682D6441B000A8A0069D2E7 /* roundtrip12.json */ = {isa = PBXFileReference; lastKnownFileType = text.json; path = roundtrip12.json; sourceTree = "<group>"; };
		9682D6451B000A8A0069D2E7 /* roundtrip13.json */ = {isa = PBXFileReference; lastKnownFileType = text.json; path = roundtrip13.json; sourceTree = "<group>"; };
		9682D6461B000A8A0069D2E7 /* roundtrip14.json */ = {isa = PBXFileReference; lastKnownFileType = text.json; path = roundtrip14.json; sourceTree = "<group>"; };
		9682D6471B000A8A0069D2E7 /* roundtrip15.json */ = {isa = PBXFileReference; lastKnownFileType = text.json; path = roundtrip15.json; sourceTree = "<group>"; };
		9682D6481B000A8A0069D2E7 /* roundtrip16.json */ = {isa = PBXFileReference; lastKnownFileType = text.json; path = roundtrip16.json; sourceTree = "<group>"; };
		9682D6491B000A8A0069D2E7 /* roundtrip17.json */ = {isa = PBXFileReference; lastKnownFileType = text.json; path = roundtrip17.json; sourceTree = "<group>"; };
		9682D64A1B000A8A0069D2E7 /* roundtrip18.json */ = {isa = PBXFileReference; lastKnownFileType = text.json; path = roundtrip18.json; sourceTree = "<group>"; };
		9682D64B1B000A8A0069D2E7 /* roundtrip19.json */ = {isa = PBXFileReference; lastKnownFileType = text.json; path = roundtrip19.json; sourceTree = "<group>"; };
		9682D64C1B000A8A0069D2E7 /* roundtrip20.json */ = {isa = PBXFileReference; lastKnownFileType = text.json; path = roundtrip20.json; sourceTree = "<group>"; };
		9682D64D1B000A8A0069D2E7 /* roundtrip21.json */ = {isa = PBXFileReference; lastKnownFileType = text.json; path = roundtrip21.json; sourceTree = "<group>"; };
		9682D64E1B000A8A0069D2E7 /* roundtrip22.json */ = {isa = PBXFileReference; lastKnownFileType = text.json; path = roundtrip22.json; sourceTree = "<group>"; };
		9682D64F1B000A8A0069D2E7 /* roundtrip23.json */ = {isa = PBXFileReference; lastKnownFileType = text.json; path = roundtrip23.json; sourceTree = "<group>"; };
		9682D6501B000A8A0069D2E7 /* roundtrip24.json */ = {isa = PBXFileReference; lastKnownFileType = text.json; path = roundtrip24.json; sourceTree = "<group>"; };
		9682D6511B000A8A0069D2E7 /* roundtrip25.json */ = {isa = PBXFileReference; lastKnownFileType = text.json; path = roundtrip25.json; sourceTree = "<group>"; };
		9682D6521B000A8A0069D2E7 /* roundtrip26.json */ = {isa = PBXFileReference; lastKnownFileType = text.json; path = roundtrip26.json; sourceTree = "<group>"; };
		9682D6531B000A8A0069D2E7 /* roundtrip27.json */ = {isa = PBXFileReference; lastKnownFileType = text.json; path = roundtrip27.json; sourceTree = "<group>"; };
		9682D6551B000A9F0069D2E7 /* fail1.json */ = {isa = PBXFileReference; lastKnownFileType = text.json; path = fail1.json; sourceTree = "<group>"; };
		9682D6561B000A9F0069D2E7 /* fail10.json */ = {isa = PBXFileReference; lastKnownFileType = text.json; path = fail10.json; sourceTree = "<group>"; };
		9682D6571B000A9F0069D2E7 /* fail11.json */ = {isa = PBXFileReference; lastKnownFileType = text.json; path = fail11.json; sourceTree = "<group>"; };
		9682D6581B000A9F0069D2E7 /* fail12.json */ = {isa = PBXFileReference; lastKnownFileType = text.json; path = fail12.json; sourceTree = "<group>"; };
		9682D6591B000A9F0069D2E7 /* fail13.json */ = {isa = PBXFileReference; lastKnownFileType = text.json; path = fail13.json; sourceTree = "<group>"; };
		9682D65A1B000A9F0069D2E7 /* fail14.json */ = {isa = PBXFileReference; lastKnownFileType = text.json; path = fail14.json; sourceTree = "<group>"; };
		9682D65B1B000A9F0069D2E7 /* fail15.json */ = {isa = PBXFileReference; lastKnownFileType = text.json; path = fail15.json; sourceTree = "<group>"; };
		9682D65C1B000A9F0069D2E7 /* fail16.json */ = {isa = PBXFileReference; lastKnownFileType = text.json; path = fail16.json; sourceTree = "<group>"; };
		9682D65D1B000A9F0069D2E7 /* fail17.json */ = {isa = PBXFileReference; lastKnownFileType = text.json; path = fail17.json; sourceTree = "<group>"; };
		9682D65E1B000A9F0069D2E7 /* fail18.json */ = {isa = PBXFileReference; lastKnownFileType = text.json; path = fail18.json; sourceTree = "<group>"; };
		9682D65F1B000A9F0069D2E7 /* fail19.json */ = {isa = PBXFileReference; lastKnownFileType = text.json; path = fail19.json; sourceTree = "<group>"; };
		9682D6601B000A9F0069D2E7 /* fail2.json */ = {isa = PBXFileReference; lastKnownFileType = text.json; path = fail2.json; sourceTree = "<group>"; };
		9682D6611B000A9F0069D2E7 /* fail20.json */ = {isa = PBXFileReference; lastKnownFileType = text.json; path = fail20.json; sourceTree = "<group>"; };
		9682D6621B000A9F0069D2E7 /* fail21.json */ = {isa = PBXFileReference; lastKnownFileType = text.json; path = fail21.json; sourceTree = "<group>"; };
		9682D6631B000A9F0069D2E7 /* fail22.json */ = {isa = PBXFileReference; lastKnownFileType = text.json; path = fail22.json; sourceTree = "<group>"; };
		9682D6641B000A9F0069D2E7 /* fail23.json */ = {isa = PBXFileReference; lastKnownFileType = text.json; path = fail23.json; sourceTree = "<group>"; };
		9682D6651B000A9F0069D2E7 /* fail24.json */ = {isa = PBXFileReference; lastKnownFileType = text.json; path = fail24.json; sourceTree = "<group>"; };
		9682D6661B000A9F0069D2E7 /* fail25.json */ = {isa = PBXFileReference; lastKnownFileType = text.json; path = fail25.json; sourceTree = "<group>"; };
		9682D6671B000A9F0069D2E7 /* fail26.json */ = {isa = PBXFileReference; lastKnownFileType = text.json; path = fail26.json; sourceTree = "<group>"; };
		9682D6681B000A9F0069D2E7 /* fail27.json */ = {isa = PBXFileReference; lastKnownFileType = text.json; path = fail27.json; sourceTree = "<group>"; };
		9682D6691B000A9F0069D2E7 /* fail28.json */ = {isa = PBXFileReference; lastKnownFileType = text.json; path = fail28.json; sourceTree = "<group>"; };
		9682D66A1B000A9F0069D2E7 /* fail29.json */ = {isa = PBXFileReference; lastKnownFileType = text.json; path = fail29.json; sourceTree = "<group>"; };
		9682D66B1B000A9F0069D2E7 /* fail3.json */ = {isa = PBXFileReference; lastKnownFileType = text.json; path = fail3.json; sourceTree = "<group>"; };
		9682D66C1B000A9F0069D2E7 /* fail30.json */ = {isa = PBXFileReference; lastKnownFileType = text.json; path = fail30.json; sourceTree = "<group>"; };
		9682D66D1B000A9F0069D2E7 /* fail31.json */ = {isa = PBXFileReference; lastKnownFileType = text.json; path = fail31.json; sourceTree = "<group>"; };
		9682D66E1B000A9F0069D2E7 /* fail32.json */ = {isa = PBXFileReference; lastKnownFileType = text.json; path = fail32.json; sourceTree = "<group>"; };
		9682D66F1B000A9F0069D2E7 /* fail33.json */ = {isa = PBXFileReference; lastKnownFileType = text.json; path = fail33.json; sourceTree = "<group>"; };
		9682D6701B000A9F0069D2E7 /* fail4.json */ = {isa = PBXFileReference; lastKnownFileType = text.json; path = fail4.json; sourceTree = "<group>"; };
		9682D6711B000A9F0069D2E7 /* fail5.json */ = {isa = PBXFileReference; lastKnownFileType = text.json; path = fail5.json; sourceTree = "<group>"; };
		9682D6721B000A9F0069D2E7 /* fail6.json */ = {isa = PBXFileReference; lastKnownFileType = text.json; path = fail6.json; sourceTree = "<group>"; };
		9682D6731B000A9F0069D2E7 /* fail7.json */ = {isa = PBXFileReference; lastKnownFileType = text.json; path = fail7.json; sourceTree = "<group>"; };
		9682D6741B000A9F0069D2E7 /* fail8.json */ = {isa = PBXFileReference; lastKnownFileType = text.json; path = fail8.json; sourceTree = "<group>"; };
		9682D6751B000A9F0069D2E7 /* fail9.json */ = {isa = PBXFileReference; lastKnownFileType = text.json; path = fail9.json; sourceTree = "<group>"; };
		9682D6761B000A9F0069D2E7 /* pass1.json */ = {isa = PBXFileReference; lastKnownFileType = text.json; path = pass1.json; sourceTree = "<group>"; };
		9682D6771B000A9F0069D2E7 /* pass2.json */ = {isa = PBXFileReference; lastKnownFileType = text.json; path = pass2.json; sourceTree = "<group>"; };
		9682D6781B000A9F0069D2E7 /* pass3.json */ = {isa = PBXFileReference; lastKnownFileType = text.json; path = pass3.json; sourceTree = "<group>"; };
		96C76BE01A9D641D00A95A3F /* Doxyfile */ = {isa = PBXFileReference; lastKnownFileType = text; path = Doxyfile; sourceTree = "<group>"; };
		96C76BE11A9D641D00A95A3F /* json.gif */ = {isa = PBXFileReference; lastKnownFileType = image.gif; path = json.gif; sourceTree = "<group>"; };
		96C76BE21A9D641D00A95A3F /* LICENSE.MIT */ = {isa = PBXFileReference; lastKnownFileType = text; path = LICENSE.MIT; sourceTree = "<group>"; };
		96C76BE31A9D641D00A95A3F /* Makefile */ = {isa = PBXFileReference; lastKnownFileType = sourcecode.make; path = Makefile; sourceTree = "<group>"; };
		96C76BE41A9D641D00A95A3F /* README.md */ = {isa = PBXFileReference; lastKnownFileType = net.daringfireball.markdown; path = README.md; sourceTree = "<group>"; };
		96C76BE61A9D641D00A95A3F /* json.hpp */ = {isa = PBXFileReference; lastKnownFileType = sourcecode.cpp.h; path = json.hpp; sourceTree = "<group>"; };
		96C76BE71A9D641D00A95A3F /* json.hpp.re2c */ = {isa = PBXFileReference; explicitFileType = sourcecode.cpp.cpp; path = json.hpp.re2c; sourceTree = "<group>"; };
		96C76BE91A9D641D00A95A3F /* catch.hpp */ = {isa = PBXFileReference; lastKnownFileType = sourcecode.cpp.h; path = catch.hpp; sourceTree = "<group>"; };
		96C76BEA1A9D641D00A95A3F /* unit.cpp */ = {isa = PBXFileReference; lastKnownFileType = sourcecode.cpp.cpp; path = unit.cpp; sourceTree = "<group>"; };
		96C76BEF1A9D645400A95A3F /* json-unit */ = {isa = PBXFileReference; explicitFileType = "compiled.mach-o.executable"; includeInIndex = 0; path = "json-unit"; sourceTree = BUILT_PRODUCTS_DIR; };
		96C76BFD1A9DDEC600A95A3F /* json.h */ = {isa = PBXFileReference; lastKnownFileType = sourcecode.c.h; name = json.h; path = "../../../../private/tmp/Xcode/DerivedData/json-eijljrgjexmjkbbshizupcetauws/Build/Intermediates/json.build/Debug/json_h.build/DerivedSources/json.h"; sourceTree = "<group>"; };
/* End PBXFileReference section */

/* Begin PBXFrameworksBuildPhase section */
		96C76BEC1A9D645400A95A3F /* Frameworks */ = {
			isa = PBXFrameworksBuildPhase;
			buildActionMask = 2147483647;
			files = (
			);
			runOnlyForDeploymentPostprocessing = 0;
		};
/* End PBXFrameworksBuildPhase section */

/* Begin PBXGroup section */
		9682D6381B000A8A0069D2E7 /* json_roundtrip */ = {
			isa = PBXGroup;
			children = (
				9682D6391B000A8A0069D2E7 /* roundtrip01.json */,
				9682D63A1B000A8A0069D2E7 /* roundtrip02.json */,
				9682D63B1B000A8A0069D2E7 /* roundtrip03.json */,
				9682D63C1B000A8A0069D2E7 /* roundtrip04.json */,
				9682D63D1B000A8A0069D2E7 /* roundtrip05.json */,
				9682D63E1B000A8A0069D2E7 /* roundtrip06.json */,
				9682D63F1B000A8A0069D2E7 /* roundtrip07.json */,
				9682D6401B000A8A0069D2E7 /* roundtrip08.json */,
				9682D6411B000A8A0069D2E7 /* roundtrip09.json */,
				9682D6421B000A8A0069D2E7 /* roundtrip10.json */,
				9682D6431B000A8A0069D2E7 /* roundtrip11.json */,
				9682D6441B000A8A0069D2E7 /* roundtrip12.json */,
				9682D6451B000A8A0069D2E7 /* roundtrip13.json */,
				9682D6461B000A8A0069D2E7 /* roundtrip14.json */,
				9682D6471B000A8A0069D2E7 /* roundtrip15.json */,
				9682D6481B000A8A0069D2E7 /* roundtrip16.json */,
				9682D6491B000A8A0069D2E7 /* roundtrip17.json */,
				9682D64A1B000A8A0069D2E7 /* roundtrip18.json */,
				9682D64B1B000A8A0069D2E7 /* roundtrip19.json */,
				9682D64C1B000A8A0069D2E7 /* roundtrip20.json */,
				9682D64D1B000A8A0069D2E7 /* roundtrip21.json */,
				9682D64E1B000A8A0069D2E7 /* roundtrip22.json */,
				9682D64F1B000A8A0069D2E7 /* roundtrip23.json */,
				9682D6501B000A8A0069D2E7 /* roundtrip24.json */,
				9682D6511B000A8A0069D2E7 /* roundtrip25.json */,
				9682D6521B000A8A0069D2E7 /* roundtrip26.json */,
				9682D6531B000A8A0069D2E7 /* roundtrip27.json */,
			);
			path = json_roundtrip;
			sourceTree = "<group>";
		};
		9682D6541B000A9F0069D2E7 /* json_tests */ = {
			isa = PBXGroup;
			children = (
				9682D6551B000A9F0069D2E7 /* fail1.json */,
				9682D6561B000A9F0069D2E7 /* fail10.json */,
				9682D6571B000A9F0069D2E7 /* fail11.json */,
				9682D6581B000A9F0069D2E7 /* fail12.json */,
				9682D6591B000A9F0069D2E7 /* fail13.json */,
				9682D65A1B000A9F0069D2E7 /* fail14.json */,
				9682D65B1B000A9F0069D2E7 /* fail15.json */,
				9682D65C1B000A9F0069D2E7 /* fail16.json */,
				9682D65D1B000A9F0069D2E7 /* fail17.json */,
				9682D65E1B000A9F0069D2E7 /* fail18.json */,
				9682D65F1B000A9F0069D2E7 /* fail19.json */,
				9682D6601B000A9F0069D2E7 /* fail2.json */,
				9682D6611B000A9F0069D2E7 /* fail20.json */,
				9682D6621B000A9F0069D2E7 /* fail21.json */,
				9682D6631B000A9F0069D2E7 /* fail22.json */,
				9682D6641B000A9F0069D2E7 /* fail23.json */,
				9682D6651B000A9F0069D2E7 /* fail24.json */,
				9682D6661B000A9F0069D2E7 /* fail25.json */,
				9682D6671B000A9F0069D2E7 /* fail26.json */,
				9682D6681B000A9F0069D2E7 /* fail27.json */,
				9682D6691B000A9F0069D2E7 /* fail28.json */,
				9682D66A1B000A9F0069D2E7 /* fail29.json */,
				9682D66B1B000A9F0069D2E7 /* fail3.json */,
				9682D66C1B000A9F0069D2E7 /* fail30.json */,
				9682D66D1B000A9F0069D2E7 /* fail31.json */,
				9682D66E1B000A9F0069D2E7 /* fail32.json */,
				9682D66F1B000A9F0069D2E7 /* fail33.json */,
				9682D6701B000A9F0069D2E7 /* fail4.json */,
				9682D6711B000A9F0069D2E7 /* fail5.json */,
				9682D6721B000A9F0069D2E7 /* fail6.json */,
				9682D6731B000A9F0069D2E7 /* fail7.json */,
				9682D6741B000A9F0069D2E7 /* fail8.json */,
				9682D6751B000A9F0069D2E7 /* fail9.json */,
				9682D6761B000A9F0069D2E7 /* pass1.json */,
				9682D6771B000A9F0069D2E7 /* pass2.json */,
				9682D6781B000A9F0069D2E7 /* pass3.json */,
			);
			path = json_tests;
			sourceTree = "<group>";
		};
		96C76BD91A9D63E900A95A3F = {
			isa = PBXGroup;
			children = (
				96C76BE01A9D641D00A95A3F /* Doxyfile */,
				96C76BE11A9D641D00A95A3F /* json.gif */,
				96C76BE21A9D641D00A95A3F /* LICENSE.MIT */,
				96C76BE31A9D641D00A95A3F /* Makefile */,
				96C76BE41A9D641D00A95A3F /* README.md */,
				96C76BE51A9D641D00A95A3F /* src */,
				96C76BE81A9D641D00A95A3F /* test */,
				96C76BFE1A9DDECF00A95A3F /* DerivedSources */,
				96C76BF01A9D645400A95A3F /* Products */,
			);
			sourceTree = "<group>";
		};
		96C76BE51A9D641D00A95A3F /* src */ = {
			isa = PBXGroup;
			children = (
				96C76BE61A9D641D00A95A3F /* json.hpp */,
				96C76BE71A9D641D00A95A3F /* json.hpp.re2c */,
			);
			path = src;
			sourceTree = "<group>";
		};
		96C76BE81A9D641D00A95A3F /* test */ = {
			isa = PBXGroup;
			children = (
				9682D6541B000A9F0069D2E7 /* json_tests */,
				9682D6381B000A8A0069D2E7 /* json_roundtrip */,
				96C76BE91A9D641D00A95A3F /* catch.hpp */,
				96C76BEA1A9D641D00A95A3F /* unit.cpp */,
			);
			path = test;
			sourceTree = "<group>";
		};
		96C76BF01A9D645400A95A3F /* Products */ = {
			isa = PBXGroup;
			children = (
				96C76BEF1A9D645400A95A3F /* json-unit */,
			);
			name = Products;
			sourceTree = "<group>";
		};
		96C76BFE1A9DDECF00A95A3F /* DerivedSources */ = {
			isa = PBXGroup;
			children = (
				96C76BFD1A9DDEC600A95A3F /* json.h */,
			);
			name = DerivedSources;
			sourceTree = "<group>";
		};
/* End PBXGroup section */

/* Begin PBXNativeTarget section */
		96C76BEE1A9D645400A95A3F /* json-unit */ = {
			isa = PBXNativeTarget;
			buildConfigurationList = 96C76BF41A9D645400A95A3F /* Build configuration list for PBXNativeTarget "json-unit" */;
			buildPhases = (
				96C76BEB1A9D645400A95A3F /* Sources */,
				96C76BEC1A9D645400A95A3F /* Frameworks */,
				96C76BED1A9D645400A95A3F /* CopyFiles */,
			);
			buildRules = (
			);
			dependencies = (
				96C76C001A9F35CF00A95A3F /* PBXTargetDependency */,
			);
			name = "json-unit";
			productName = "json-unit";
			productReference = 96C76BEF1A9D645400A95A3F /* json-unit */;
			productType = "com.apple.product-type.tool";
		};
/* End PBXNativeTarget section */

/* Begin PBXProject section */
		96C76BDA1A9D63E900A95A3F /* Project object */ = {
			isa = PBXProject;
			attributes = {
				LastUpgradeCheck = 0630;
				TargetAttributes = {
					96C76BEE1A9D645400A95A3F = {
						CreatedOnToolsVersion = 6.3;
					};
					96C76BF81A9DDB1A00A95A3F = {
						CreatedOnToolsVersion = 6.3;
					};
				};
			};
			buildConfigurationList = 96C76BDD1A9D63E900A95A3F /* Build configuration list for PBXProject "json" */;
			compatibilityVersion = "Xcode 3.2";
			developmentRegion = English;
			hasScannedForEncodings = 0;
			knownRegions = (
				en,
			);
			mainGroup = 96C76BD91A9D63E900A95A3F;
			productRefGroup = 96C76BF01A9D645400A95A3F /* Products */;
			projectDirPath = "";
			projectRoot = "";
			targets = (
				96C76BEE1A9D645400A95A3F /* json-unit */,
				96C76BF81A9DDB1A00A95A3F /* json_h */,
			);
		};
/* End PBXProject section */

/* Begin PBXShellScriptBuildPhase section */
		96C76BFC1A9DDB2500A95A3F /* ShellScript */ = {
			isa = PBXShellScriptBuildPhase;
			buildActionMask = 2147483647;
			files = (
			);
			inputPaths = (
				"$(SRCROOT)/src/json.hpp.re2c",
			);
			outputPaths = (
				"$(SRCROOT)/src/json.hpp",
			);
			runOnlyForDeploymentPostprocessing = 0;
			shellPath = /bin/sh;
			shellScript = "RE2C=/usr/local/bin/re2c\nSED=/usr/local/bin/sed\n\n$RE2C -b -s -i --no-generation-date $SCRIPT_INPUT_FILE_0 | $SED '1d' > $SCRIPT_OUTPUT_FILE_0\n\nexit $?";
		};
/* End PBXShellScriptBuildPhase section */

/* Begin PBXSourcesBuildPhase section */
		96C76BEB1A9D645400A95A3F /* Sources */ = {
			isa = PBXSourcesBuildPhase;
			buildActionMask = 2147483647;
			files = (
				96C76BF71A9D646F00A95A3F /* unit.cpp in Sources */,
			);
			runOnlyForDeploymentPostprocessing = 0;
		};
/* End PBXSourcesBuildPhase section */

/* Begin PBXTargetDependency section */
		96C76C001A9F35CF00A95A3F /* PBXTargetDependency */ = {
			isa = PBXTargetDependency;
			target = 96C76BF81A9DDB1A00A95A3F /* json_h */;
			targetProxy = 96C76BFF1A9F35CF00A95A3F /* PBXContainerItemProxy */;
		};
/* End PBXTargetDependency section */

/* Begin XCBuildConfiguration section */
		96C76BDE1A9D63E900A95A3F /* Debug */ = {
			isa = XCBuildConfiguration;
			buildSettings = {
				ONLY_ACTIVE_ARCH = YES;
			};
			name = Debug;
		};
		96C76BDF1A9D63E900A95A3F /* Release */ = {
			isa = XCBuildConfiguration;
			buildSettings = {
			};
			name = Release;
		};
		96C76BF51A9D645400A95A3F /* Debug */ = {
			isa = XCBuildConfiguration;
			buildSettings = {
				ALWAYS_SEARCH_USER_PATHS = NO;
				CLANG_CXX_LANGUAGE_STANDARD = "gnu++0x";
				CLANG_CXX_LIBRARY = "libc++";
				CLANG_ENABLE_MODULES = YES;
				CLANG_ENABLE_OBJC_ARC = YES;
				CLANG_WARN_BOOL_CONVERSION = YES;
				CLANG_WARN_CONSTANT_CONVERSION = YES;
				CLANG_WARN_DIRECT_OBJC_ISA_USAGE = YES_ERROR;
				CLANG_WARN_EMPTY_BODY = YES;
				CLANG_WARN_ENUM_CONVERSION = YES;
				CLANG_WARN_INT_CONVERSION = YES;
				CLANG_WARN_OBJC_ROOT_CLASS = YES_ERROR;
				CLANG_WARN_UNREACHABLE_CODE = YES;
				CLANG_WARN__DUPLICATE_METHOD_MATCH = YES;
				COPY_PHASE_STRIP = NO;
				DEBUG_INFORMATION_FORMAT = dwarf;
				ENABLE_STRICT_OBJC_MSGSEND = YES;
				GCC_C_LANGUAGE_STANDARD = gnu99;
				GCC_DYNAMIC_NO_PIC = NO;
				GCC_NO_COMMON_BLOCKS = YES;
				GCC_OPTIMIZATION_LEVEL = 0;
				GCC_PREPROCESSOR_DEFINITIONS = "private=public";
				GCC_SYMBOLS_PRIVATE_EXTERN = NO;
				GCC_WARN_64_TO_32_BIT_CONVERSION = YES;
				GCC_WARN_ABOUT_RETURN_TYPE = YES_ERROR;
				GCC_WARN_UNDECLARED_SELECTOR = YES;
				GCC_WARN_UNINITIALIZED_AUTOS = YES_AGGRESSIVE;
				GCC_WARN_UNUSED_FUNCTION = YES;
				GCC_WARN_UNUSED_VARIABLE = YES;
				MACOSX_DEPLOYMENT_TARGET = 10.10;
				MTL_ENABLE_DEBUG_INFO = YES;
				ONLY_ACTIVE_ARCH = YES;
				OTHER_CFLAGS = (
					"-Wall",
					"-Wextra",
					"-pedantic",
					"-Weffc++",
					"-Wcast-align",
					"-Wcast-qual",
					"-Wctor-dtor-privacy",
					"-Wdisabled-optimization",
					"-Wformat=2",
					"-Winit-self",
					"-Wmissing-declarations",
					"-Wmissing-include-dirs",
					"-Wold-style-cast",
					"-Woverloaded-virtual",
					"-Wredundant-decls",
					"-Wshadow",
					"-Wsign-conversion",
					"-Wsign-promo",
					"-Wstrict-overflow=5",
					"-Wswitch",
					"-Wundef",
					"-Wno-unused",
					"-Wnon-virtual-dtor",
					"-Wreorder",
				);
				PRODUCT_NAME = "$(TARGET_NAME)";
				SDKROOT = macosx;
			};
			name = Debug;
		};
		96C76BF61A9D645400A95A3F /* Release */ = {
			isa = XCBuildConfiguration;
			buildSettings = {
				ALWAYS_SEARCH_USER_PATHS = NO;
				CLANG_CXX_LANGUAGE_STANDARD = "gnu++0x";
				CLANG_CXX_LIBRARY = "libc++";
				CLANG_ENABLE_MODULES = YES;
				CLANG_ENABLE_OBJC_ARC = YES;
				CLANG_WARN_BOOL_CONVERSION = YES;
				CLANG_WARN_CONSTANT_CONVERSION = YES;
				CLANG_WARN_DIRECT_OBJC_ISA_USAGE = YES_ERROR;
				CLANG_WARN_EMPTY_BODY = YES;
				CLANG_WARN_ENUM_CONVERSION = YES;
				CLANG_WARN_INT_CONVERSION = YES;
				CLANG_WARN_OBJC_ROOT_CLASS = YES_ERROR;
				CLANG_WARN_UNREACHABLE_CODE = YES;
				CLANG_WARN__DUPLICATE_METHOD_MATCH = YES;
				COPY_PHASE_STRIP = NO;
				DEBUG_INFORMATION_FORMAT = "dwarf-with-dsym";
				ENABLE_NS_ASSERTIONS = NO;
				ENABLE_STRICT_OBJC_MSGSEND = YES;
				GCC_C_LANGUAGE_STANDARD = gnu99;
				GCC_NO_COMMON_BLOCKS = YES;
				GCC_PREPROCESSOR_DEFINITIONS = "private=public";
				GCC_WARN_64_TO_32_BIT_CONVERSION = YES;
				GCC_WARN_ABOUT_RETURN_TYPE = YES_ERROR;
				GCC_WARN_UNDECLARED_SELECTOR = YES;
				GCC_WARN_UNINITIALIZED_AUTOS = YES_AGGRESSIVE;
				GCC_WARN_UNUSED_FUNCTION = YES;
				GCC_WARN_UNUSED_VARIABLE = YES;
				MACOSX_DEPLOYMENT_TARGET = 10.10;
				MTL_ENABLE_DEBUG_INFO = NO;
				OTHER_CFLAGS = (
					"-Wall",
					"-Wextra",
					"-pedantic",
					"-Weffc++",
					"-Wcast-align",
					"-Wcast-qual",
					"-Wctor-dtor-privacy",
					"-Wdisabled-optimization",
					"-Wformat=2",
					"-Winit-self",
					"-Wmissing-declarations",
					"-Wmissing-include-dirs",
					"-Wold-style-cast",
					"-Woverloaded-virtual",
					"-Wredundant-decls",
					"-Wshadow",
					"-Wsign-conversion",
					"-Wsign-promo",
					"-Wstrict-overflow=5",
					"-Wswitch",
					"-Wundef",
					"-Wno-unused",
					"-Wnon-virtual-dtor",
					"-Wreorder",
				);
				PRODUCT_NAME = "$(TARGET_NAME)";
				SDKROOT = macosx;
			};
			name = Release;
		};
		96C76BFA1A9DDB1A00A95A3F /* Debug */ = {
			isa = XCBuildConfiguration;
			buildSettings = {
				PRODUCT_NAME = "$(TARGET_NAME)";
			};
			name = Debug;
		};
		96C76BFB1A9DDB1A00A95A3F /* Release */ = {
			isa = XCBuildConfiguration;
			buildSettings = {
				PRODUCT_NAME = "$(TARGET_NAME)";
			};
			name = Release;
		};
/* End XCBuildConfiguration section */

/* Begin XCConfigurationList section */
		96C76BDD1A9D63E900A95A3F /* Build configuration list for PBXProject "json" */ = {
			isa = XCConfigurationList;
			buildConfigurations = (
				96C76BDE1A9D63E900A95A3F /* Debug */,
				96C76BDF1A9D63E900A95A3F /* Release */,
			);
			defaultConfigurationIsVisible = 0;
			defaultConfigurationName = Release;
		};
		96C76BF41A9D645400A95A3F /* Build configuration list for PBXNativeTarget "json-unit" */ = {
			isa = XCConfigurationList;
			buildConfigurations = (
				96C76BF51A9D645400A95A3F /* Debug */,
				96C76BF61A9D645400A95A3F /* Release */,
			);
			defaultConfigurationIsVisible = 0;
			defaultConfigurationName = Release;
		};
		96C76BF91A9DDB1A00A95A3F /* Build configuration list for PBXAggregateTarget "json_h" */ = {
			isa = XCConfigurationList;
			buildConfigurations = (
				96C76BFA1A9DDB1A00A95A3F /* Debug */,
				96C76BFB1A9DDB1A00A95A3F /* Release */,
			);
			defaultConfigurationIsVisible = 0;
			defaultConfigurationName = Release;
		};
/* End XCConfigurationList section */
	};
	rootObject = 96C76BDA1A9D63E900A95A3F /* Project object */;
}
